// !$*UTF8*$!
{
	archiveVersion = 1;
	classes = {
	};
	objectVersion = 56;
	objects = {

/* Begin PBXBuildFile section */
		BF5E41A829D09BCD00C0D2F0 /* millyApp.swift in Sources */ = {isa = PBXBuildFile; fileRef = BF5E41A729D09BCD00C0D2F0 /* millyApp.swift */; };
		BF5E41AA29D09BCD00C0D2F0 /* ContentView.swift in Sources */ = {isa = PBXBuildFile; fileRef = BF5E41A929D09BCD00C0D2F0 /* ContentView.swift */; };
		BF5E41AC29D09BCE00C0D2F0 /* Assets.xcassets in Resources */ = {isa = PBXBuildFile; fileRef = BF5E41AB29D09BCE00C0D2F0 /* Assets.xcassets */; };
		BF5E41B029D09BCE00C0D2F0 /* Preview Assets.xcassets in Resources */ = {isa = PBXBuildFile; fileRef = BF5E41AF29D09BCE00C0D2F0 /* Preview Assets.xcassets */; };
		BF5E41BA29D09BCE00C0D2F0 /* millyTests.swift in Sources */ = {isa = PBXBuildFile; fileRef = BF5E41B929D09BCE00C0D2F0 /* millyTests.swift */; };
		BF5E41C429D09BCE00C0D2F0 /* millyUITests.swift in Sources */ = {isa = PBXBuildFile; fileRef = BF5E41C329D09BCE00C0D2F0 /* millyUITests.swift */; };
		BF5E41C629D09BCE00C0D2F0 /* millyUITestsLaunchTests.swift in Sources */ = {isa = PBXBuildFile; fileRef = BF5E41C529D09BCE00C0D2F0 /* millyUITestsLaunchTests.swift */; };
/* End PBXBuildFile section */

/* Begin PBXContainerItemProxy section */
		BF5E41B629D09BCE00C0D2F0 /* PBXContainerItemProxy */ = {
			isa = PBXContainerItemProxy;
			containerPortal = BF5E419C29D09BCD00C0D2F0 /* Project object */;
			proxyType = 1;
			remoteGlobalIDString = BF5E41A329D09BCD00C0D2F0;
			remoteInfo = milly;
		};
		BF5E41C029D09BCE00C0D2F0 /* PBXContainerItemProxy */ = {
			isa = PBXContainerItemProxy;
			containerPortal = BF5E419C29D09BCD00C0D2F0 /* Project object */;
			proxyType = 1;
			remoteGlobalIDString = BF5E41A329D09BCD00C0D2F0;
			remoteInfo = milly;
		};
/* End PBXContainerItemProxy section */

/* Begin PBXFileReference section */
		BF5E41A429D09BCD00C0D2F0 /* milly.app */ = {isa = PBXFileReference; explicitFileType = wrapper.application; includeInIndex = 0; path = milly.app; sourceTree = BUILT_PRODUCTS_DIR; };
		BF5E41A729D09BCD00C0D2F0 /* millyApp.swift */ = {isa = PBXFileReference; lastKnownFileType = sourcecode.swift; path = millyApp.swift; sourceTree = "<group>"; };
		BF5E41A929D09BCD00C0D2F0 /* ContentView.swift */ = {isa = PBXFileReference; lastKnownFileType = sourcecode.swift; path = ContentView.swift; sourceTree = "<group>"; };
		BF5E41AB29D09BCE00C0D2F0 /* Assets.xcassets */ = {isa = PBXFileReference; lastKnownFileType = folder.assetcatalog; path = Assets.xcassets; sourceTree = "<group>"; };
		BF5E41AD29D09BCE00C0D2F0 /* milly.entitlements */ = {isa = PBXFileReference; lastKnownFileType = text.plist.entitlements; path = milly.entitlements; sourceTree = "<group>"; };
		BF5E41AF29D09BCE00C0D2F0 /* Preview Assets.xcassets */ = {isa = PBXFileReference; lastKnownFileType = folder.assetcatalog; path = "Preview Assets.xcassets"; sourceTree = "<group>"; };
		BF5E41B529D09BCE00C0D2F0 /* millyTests.xctest */ = {isa = PBXFileReference; explicitFileType = wrapper.cfbundle; includeInIndex = 0; path = millyTests.xctest; sourceTree = BUILT_PRODUCTS_DIR; };
		BF5E41B929D09BCE00C0D2F0 /* millyTests.swift */ = {isa = PBXFileReference; lastKnownFileType = sourcecode.swift; path = millyTests.swift; sourceTree = "<group>"; };
		BF5E41BF29D09BCE00C0D2F0 /* millyUITests.xctest */ = {isa = PBXFileReference; explicitFileType = wrapper.cfbundle; includeInIndex = 0; path = millyUITests.xctest; sourceTree = BUILT_PRODUCTS_DIR; };
		BF5E41C329D09BCE00C0D2F0 /* millyUITests.swift */ = {isa = PBXFileReference; lastKnownFileType = sourcecode.swift; path = millyUITests.swift; sourceTree = "<group>"; };
		BF5E41C529D09BCE00C0D2F0 /* millyUITestsLaunchTests.swift */ = {isa = PBXFileReference; lastKnownFileType = sourcecode.swift; path = millyUITestsLaunchTests.swift; sourceTree = "<group>"; };
/* End PBXFileReference section */

/* Begin PBXFrameworksBuildPhase section */
		BF5E41A129D09BCD00C0D2F0 /* Frameworks */ = {
			isa = PBXFrameworksBuildPhase;
			buildActionMask = 2147483647;
			files = (
			);
			runOnlyForDeploymentPostprocessing = 0;
		};
		BF5E41B229D09BCE00C0D2F0 /* Frameworks */ = {
			isa = PBXFrameworksBuildPhase;
			buildActionMask = 2147483647;
			files = (
			);
			runOnlyForDeploymentPostprocessing = 0;
		};
		BF5E41BC29D09BCE00C0D2F0 /* Frameworks */ = {
			isa = PBXFrameworksBuildPhase;
			buildActionMask = 2147483647;
			files = (
			);
			runOnlyForDeploymentPostprocessing = 0;
		};
/* End PBXFrameworksBuildPhase section */

/* Begin PBXGroup section */
		BF5E419B29D09BCD00C0D2F0 = {
			isa = PBXGroup;
			children = (
				BF5E41A629D09BCD00C0D2F0 /* milly */,
				BF5E41B829D09BCE00C0D2F0 /* millyTests */,
				BF5E41C229D09BCE00C0D2F0 /* millyUITests */,
				BF5E41A529D09BCD00C0D2F0 /* Products */,
			);
			sourceTree = "<group>";
		};
		BF5E41A529D09BCD00C0D2F0 /* Products */ = {
			isa = PBXGroup;
			children = (
				BF5E41A429D09BCD00C0D2F0 /* milly.app */,
				BF5E41B529D09BCE00C0D2F0 /* millyTests.xctest */,
				BF5E41BF29D09BCE00C0D2F0 /* millyUITests.xctest */,
			);
			name = Products;
			sourceTree = "<group>";
		};
		BF5E41A629D09BCD00C0D2F0 /* milly */ = {
			isa = PBXGroup;
			children = (
				BF5E41A729D09BCD00C0D2F0 /* millyApp.swift */,
				BF5E41A929D09BCD00C0D2F0 /* ContentView.swift */,
				BF5E41AB29D09BCE00C0D2F0 /* Assets.xcassets */,
				BF5E41AD29D09BCE00C0D2F0 /* milly.entitlements */,
				BF5E41AE29D09BCE00C0D2F0 /* Preview Content */,
			);
			path = milly;
			sourceTree = "<group>";
		};
		BF5E41AE29D09BCE00C0D2F0 /* Preview Content */ = {
			isa = PBXGroup;
			children = (
				BF5E41AF29D09BCE00C0D2F0 /* Preview Assets.xcassets */,
			);
			path = "Preview Content";
			sourceTree = "<group>";
		};
		BF5E41B829D09BCE00C0D2F0 /* millyTests */ = {
			isa = PBXGroup;
			children = (
				BF5E41B929D09BCE00C0D2F0 /* millyTests.swift */,
			);
			path = millyTests;
			sourceTree = "<group>";
		};
		BF5E41C229D09BCE00C0D2F0 /* millyUITests */ = {
			isa = PBXGroup;
			children = (
				BF5E41C329D09BCE00C0D2F0 /* millyUITests.swift */,
				BF5E41C529D09BCE00C0D2F0 /* millyUITestsLaunchTests.swift */,
			);
			path = millyUITests;
			sourceTree = "<group>";
		};
/* End PBXGroup section */

/* Begin PBXNativeTarget section */
		BF5E41A329D09BCD00C0D2F0 /* milly */ = {
			isa = PBXNativeTarget;
			buildConfigurationList = BF5E41C929D09BCE00C0D2F0 /* Build configuration list for PBXNativeTarget "milly" */;
			buildPhases = (
				BF5E41A029D09BCD00C0D2F0 /* Sources */,
				BF5E41A129D09BCD00C0D2F0 /* Frameworks */,
				BF5E41A229D09BCD00C0D2F0 /* Resources */,
			);
			buildRules = (
			);
			dependencies = (
			);
			name = milly;
			productName = milly;
			productReference = BF5E41A429D09BCD00C0D2F0 /* milly.app */;
			productType = "com.apple.product-type.application";
		};
		BF5E41B429D09BCE00C0D2F0 /* millyTests */ = {
			isa = PBXNativeTarget;
			buildConfigurationList = BF5E41CC29D09BCE00C0D2F0 /* Build configuration list for PBXNativeTarget "millyTests" */;
			buildPhases = (
				BF5E41B129D09BCE00C0D2F0 /* Sources */,
				BF5E41B229D09BCE00C0D2F0 /* Frameworks */,
				BF5E41B329D09BCE00C0D2F0 /* Resources */,
			);
			buildRules = (
			);
			dependencies = (
				BF5E41B729D09BCE00C0D2F0 /* PBXTargetDependency */,
			);
			name = millyTests;
			productName = millyTests;
			productReference = BF5E41B529D09BCE00C0D2F0 /* millyTests.xctest */;
			productType = "com.apple.product-type.bundle.unit-test";
		};
		BF5E41BE29D09BCE00C0D2F0 /* millyUITests */ = {
			isa = PBXNativeTarget;
			buildConfigurationList = BF5E41CF29D09BCE00C0D2F0 /* Build configuration list for PBXNativeTarget "millyUITests" */;
			buildPhases = (
				BF5E41BB29D09BCE00C0D2F0 /* Sources */,
				BF5E41BC29D09BCE00C0D2F0 /* Frameworks */,
				BF5E41BD29D09BCE00C0D2F0 /* Resources */,
			);
			buildRules = (
			);
			dependencies = (
				BF5E41C129D09BCE00C0D2F0 /* PBXTargetDependency */,
			);
			name = millyUITests;
			productName = millyUITests;
			productReference = BF5E41BF29D09BCE00C0D2F0 /* millyUITests.xctest */;
			productType = "com.apple.product-type.bundle.ui-testing";
		};
/* End PBXNativeTarget section */

/* Begin PBXProject section */
		BF5E419C29D09BCD00C0D2F0 /* Project object */ = {
			isa = PBXProject;
			attributes = {
				BuildIndependentTargetsInParallel = 1;
				LastSwiftUpdateCheck = 1420;
				LastUpgradeCheck = 1420;
				TargetAttributes = {
					BF5E41A329D09BCD00C0D2F0 = {
						CreatedOnToolsVersion = 14.2;
					};
					BF5E41B429D09BCE00C0D2F0 = {
						CreatedOnToolsVersion = 14.2;
						TestTargetID = BF5E41A329D09BCD00C0D2F0;
					};
					BF5E41BE29D09BCE00C0D2F0 = {
						CreatedOnToolsVersion = 14.2;
						TestTargetID = BF5E41A329D09BCD00C0D2F0;
					};
				};
			};
			buildConfigurationList = BF5E419F29D09BCD00C0D2F0 /* Build configuration list for PBXProject "milly" */;
			compatibilityVersion = "Xcode 14.0";
			developmentRegion = en;
			hasScannedForEncodings = 0;
			knownRegions = (
				en,
				Base,
			);
			mainGroup = BF5E419B29D09BCD00C0D2F0;
			productRefGroup = BF5E41A529D09BCD00C0D2F0 /* Products */;
			projectDirPath = "";
			projectRoot = "";
			targets = (
				BF5E41A329D09BCD00C0D2F0 /* milly */,
				BF5E41B429D09BCE00C0D2F0 /* millyTests */,
				BF5E41BE29D09BCE00C0D2F0 /* millyUITests */,
			);
		};
/* End PBXProject section */

/* Begin PBXResourcesBuildPhase section */
		BF5E41A229D09BCD00C0D2F0 /* Resources */ = {
			isa = PBXResourcesBuildPhase;
			buildActionMask = 2147483647;
			files = (
				BF5E41B029D09BCE00C0D2F0 /* Preview Assets.xcassets in Resources */,
				BF5E41AC29D09BCE00C0D2F0 /* Assets.xcassets in Resources */,
			);
			runOnlyForDeploymentPostprocessing = 0;
		};
		BF5E41B329D09BCE00C0D2F0 /* Resources */ = {
			isa = PBXResourcesBuildPhase;
			buildActionMask = 2147483647;
			files = (
			);
			runOnlyForDeploymentPostprocessing = 0;
		};
		BF5E41BD29D09BCE00C0D2F0 /* Resources */ = {
			isa = PBXResourcesBuildPhase;
			buildActionMask = 2147483647;
			files = (
			);
			runOnlyForDeploymentPostprocessing = 0;
		};
/* End PBXResourcesBuildPhase section */

/* Begin PBXSourcesBuildPhase section */
		BF5E41A029D09BCD00C0D2F0 /* Sources */ = {
			isa = PBXSourcesBuildPhase;
			buildActionMask = 2147483647;
			files = (
				BF5E41AA29D09BCD00C0D2F0 /* ContentView.swift in Sources */,
				BF5E41A829D09BCD00C0D2F0 /* millyApp.swift in Sources */,
			);
			runOnlyForDeploymentPostprocessing = 0;
		};
		BF5E41B129D09BCE00C0D2F0 /* Sources */ = {
			isa = PBXSourcesBuildPhase;
			buildActionMask = 2147483647;
			files = (
				BF5E41BA29D09BCE00C0D2F0 /* millyTests.swift in Sources */,
			);
			runOnlyForDeploymentPostprocessing = 0;
		};
		BF5E41BB29D09BCE00C0D2F0 /* Sources */ = {
			isa = PBXSourcesBuildPhase;
			buildActionMask = 2147483647;
			files = (
				BF5E41C629D09BCE00C0D2F0 /* millyUITestsLaunchTests.swift in Sources */,
				BF5E41C429D09BCE00C0D2F0 /* millyUITests.swift in Sources */,
			);
			runOnlyForDeploymentPostprocessing = 0;
		};
/* End PBXSourcesBuildPhase section */

/* Begin PBXTargetDependency section */
		BF5E41B729D09BCE00C0D2F0 /* PBXTargetDependency */ = {
			isa = PBXTargetDependency;
			target = BF5E41A329D09BCD00C0D2F0 /* milly */;
			targetProxy = BF5E41B629D09BCE00C0D2F0 /* PBXContainerItemProxy */;
		};
		BF5E41C129D09BCE00C0D2F0 /* PBXTargetDependency */ = {
			isa = PBXTargetDependency;
			target = BF5E41A329D09BCD00C0D2F0 /* milly */;
			targetProxy = BF5E41C029D09BCE00C0D2F0 /* PBXContainerItemProxy */;
		};
/* End PBXTargetDependency section */

/* Begin XCBuildConfiguration section */
		BF5E41C729D09BCE00C0D2F0 /* Debug */ = {
			isa = XCBuildConfiguration;
			buildSettings = {
				ALWAYS_SEARCH_USER_PATHS = NO;
				CLANG_ANALYZER_NONNULL = YES;
				CLANG_ANALYZER_NUMBER_OBJECT_CONVERSION = YES_AGGRESSIVE;
				CLANG_CXX_LANGUAGE_STANDARD = "gnu++20";
				CLANG_ENABLE_MODULES = YES;
				CLANG_ENABLE_OBJC_ARC = YES;
				CLANG_ENABLE_OBJC_WEAK = YES;
				CLANG_WARN_BLOCK_CAPTURE_AUTORELEASING = YES;
				CLANG_WARN_BOOL_CONVERSION = YES;
				CLANG_WARN_COMMA = YES;
				CLANG_WARN_CONSTANT_CONVERSION = YES;
				CLANG_WARN_DEPRECATED_OBJC_IMPLEMENTATIONS = YES;
				CLANG_WARN_DIRECT_OBJC_ISA_USAGE = YES_ERROR;
				CLANG_WARN_DOCUMENTATION_COMMENTS = YES;
				CLANG_WARN_EMPTY_BODY = YES;
				CLANG_WARN_ENUM_CONVERSION = YES;
				CLANG_WARN_INFINITE_RECURSION = YES;
				CLANG_WARN_INT_CONVERSION = YES;
				CLANG_WARN_NON_LITERAL_NULL_CONVERSION = YES;
				CLANG_WARN_OBJC_IMPLICIT_RETAIN_SELF = YES;
				CLANG_WARN_OBJC_LITERAL_CONVERSION = YES;
				CLANG_WARN_OBJC_ROOT_CLASS = YES_ERROR;
				CLANG_WARN_QUOTED_INCLUDE_IN_FRAMEWORK_HEADER = YES;
				CLANG_WARN_RANGE_LOOP_ANALYSIS = YES;
				CLANG_WARN_STRICT_PROTOTYPES = YES;
				CLANG_WARN_SUSPICIOUS_MOVE = YES;
				CLANG_WARN_UNGUARDED_AVAILABILITY = YES_AGGRESSIVE;
				CLANG_WARN_UNREACHABLE_CODE = YES;
				CLANG_WARN__DUPLICATE_METHOD_MATCH = YES;
				COPY_PHASE_STRIP = NO;
				DEBUG_INFORMATION_FORMAT = dwarf;
				ENABLE_STRICT_OBJC_MSGSEND = YES;
				ENABLE_TESTABILITY = YES;
				GCC_C_LANGUAGE_STANDARD = gnu11;
				GCC_DYNAMIC_NO_PIC = NO;
				GCC_NO_COMMON_BLOCKS = YES;
				GCC_OPTIMIZATION_LEVEL = 0;
				GCC_PREPROCESSOR_DEFINITIONS = (
					"DEBUG=1",
					"$(inherited)",
				);
				GCC_WARN_64_TO_32_BIT_CONVERSION = YES;
				GCC_WARN_ABOUT_RETURN_TYPE = YES_ERROR;
				GCC_WARN_UNDECLARED_SELECTOR = YES;
				GCC_WARN_UNINITIALIZED_AUTOS = YES_AGGRESSIVE;
				GCC_WARN_UNUSED_FUNCTION = YES;
				GCC_WARN_UNUSED_VARIABLE = YES;
				MTL_ENABLE_DEBUG_INFO = INCLUDE_SOURCE;
				MTL_FAST_MATH = YES;
				ONLY_ACTIVE_ARCH = YES;
				SWIFT_ACTIVE_COMPILATION_CONDITIONS = DEBUG;
				SWIFT_OPTIMIZATION_LEVEL = "-Onone";
			};
			name = Debug;
		};
		BF5E41C829D09BCE00C0D2F0 /* Release */ = {
			isa = XCBuildConfiguration;
			buildSettings = {
				ALWAYS_SEARCH_USER_PATHS = NO;
				CLANG_ANALYZER_NONNULL = YES;
				CLANG_ANALYZER_NUMBER_OBJECT_CONVERSION = YES_AGGRESSIVE;
				CLANG_CXX_LANGUAGE_STANDARD = "gnu++20";
				CLANG_ENABLE_MODULES = YES;
				CLANG_ENABLE_OBJC_ARC = YES;
				CLANG_ENABLE_OBJC_WEAK = YES;
				CLANG_WARN_BLOCK_CAPTURE_AUTORELEASING = YES;
				CLANG_WARN_BOOL_CONVERSION = YES;
				CLANG_WARN_COMMA = YES;
				CLANG_WARN_CONSTANT_CONVERSION = YES;
				CLANG_WARN_DEPRECATED_OBJC_IMPLEMENTATIONS = YES;
				CLANG_WARN_DIRECT_OBJC_ISA_USAGE = YES_ERROR;
				CLANG_WARN_DOCUMENTATION_COMMENTS = YES;
				CLANG_WARN_EMPTY_BODY = YES;
				CLANG_WARN_ENUM_CONVERSION = YES;
				CLANG_WARN_INFINITE_RECURSION = YES;
				CLANG_WARN_INT_CONVERSION = YES;
				CLANG_WARN_NON_LITERAL_NULL_CONVERSION = YES;
				CLANG_WARN_OBJC_IMPLICIT_RETAIN_SELF = YES;
				CLANG_WARN_OBJC_LITERAL_CONVERSION = YES;
				CLANG_WARN_OBJC_ROOT_CLASS = YES_ERROR;
				CLANG_WARN_QUOTED_INCLUDE_IN_FRAMEWORK_HEADER = YES;
				CLANG_WARN_RANGE_LOOP_ANALYSIS = YES;
				CLANG_WARN_STRICT_PROTOTYPES = YES;
				CLANG_WARN_SUSPICIOUS_MOVE = YES;
				CLANG_WARN_UNGUARDED_AVAILABILITY = YES_AGGRESSIVE;
				CLANG_WARN_UNREACHABLE_CODE = YES;
				CLANG_WARN__DUPLICATE_METHOD_MATCH = YES;
				COPY_PHASE_STRIP = NO;
				DEBUG_INFORMATION_FORMAT = "dwarf-with-dsym";
				ENABLE_NS_ASSERTIONS = NO;
				ENABLE_STRICT_OBJC_MSGSEND = YES;
				GCC_C_LANGUAGE_STANDARD = gnu11;
				GCC_NO_COMMON_BLOCKS = YES;
				GCC_WARN_64_TO_32_BIT_CONVERSION = YES;
				GCC_WARN_ABOUT_RETURN_TYPE = YES_ERROR;
				GCC_WARN_UNDECLARED_SELECTOR = YES;
				GCC_WARN_UNINITIALIZED_AUTOS = YES_AGGRESSIVE;
				GCC_WARN_UNUSED_FUNCTION = YES;
				GCC_WARN_UNUSED_VARIABLE = YES;
				MTL_ENABLE_DEBUG_INFO = NO;
				MTL_FAST_MATH = YES;
				SWIFT_COMPILATION_MODE = wholemodule;
				SWIFT_OPTIMIZATION_LEVEL = "-O";
			};
			name = Release;
		};
		BF5E41CA29D09BCE00C0D2F0 /* Debug */ = {
			isa = XCBuildConfiguration;
			buildSettings = {
				ASSETCATALOG_COMPILER_APPICON_NAME = AppIcon;
				ASSETCATALOG_COMPILER_GLOBAL_ACCENT_COLOR_NAME = AccentColor;
				CODE_SIGN_ENTITLEMENTS = milly/milly.entitlements;
				CODE_SIGN_STYLE = Automatic;
				CURRENT_PROJECT_VERSION = 1;
				DEVELOPMENT_ASSET_PATHS = "\"milly/Preview Content\"";
				ENABLE_PREVIEWS = YES;
				GENERATE_INFOPLIST_FILE = YES;
				"INFOPLIST_KEY_UIApplicationSceneManifest_Generation[sdk=iphoneos*]" = YES;
				"INFOPLIST_KEY_UIApplicationSceneManifest_Generation[sdk=iphonesimulator*]" = YES;
				"INFOPLIST_KEY_UIApplicationSupportsIndirectInputEvents[sdk=iphoneos*]" = YES;
				"INFOPLIST_KEY_UIApplicationSupportsIndirectInputEvents[sdk=iphonesimulator*]" = YES;
				"INFOPLIST_KEY_UILaunchScreen_Generation[sdk=iphoneos*]" = YES;
				"INFOPLIST_KEY_UILaunchScreen_Generation[sdk=iphonesimulator*]" = YES;
				"INFOPLIST_KEY_UIStatusBarStyle[sdk=iphoneos*]" = UIStatusBarStyleDefault;
				"INFOPLIST_KEY_UIStatusBarStyle[sdk=iphonesimulator*]" = UIStatusBarStyleDefault;
				INFOPLIST_KEY_UISupportedInterfaceOrientations_iPad = "UIInterfaceOrientationPortrait UIInterfaceOrientationPortraitUpsideDown UIInterfaceOrientationLandscapeLeft UIInterfaceOrientationLandscapeRight";
				INFOPLIST_KEY_UISupportedInterfaceOrientations_iPhone = "UIInterfaceOrientationPortrait UIInterfaceOrientationLandscapeLeft UIInterfaceOrientationLandscapeRight";
				IPHONEOS_DEPLOYMENT_TARGET = 16.2;
				LD_RUNPATH_SEARCH_PATHS = "@executable_path/Frameworks";
				"LD_RUNPATH_SEARCH_PATHS[sdk=macosx*]" = "@executable_path/../Frameworks";
				MACOSX_DEPLOYMENT_TARGET = 13.1;
				MARKETING_VERSION = 1.0;
				PRODUCT_BUNDLE_IDENTIFIER = jeffholland.milly;
				PRODUCT_NAME = "$(TARGET_NAME)";
				SDKROOT = auto;
				SUPPORTED_PLATFORMS = "iphoneos iphonesimulator macosx";
				SWIFT_EMIT_LOC_STRINGS = YES;
				SWIFT_VERSION = 5.0;
				TARGETED_DEVICE_FAMILY = "1,2";
			};
			name = Debug;
		};
		BF5E41CB29D09BCE00C0D2F0 /* Release */ = {
			isa = XCBuildConfiguration;
			buildSettings = {
				ASSETCATALOG_COMPILER_APPICON_NAME = AppIcon;
				ASSETCATALOG_COMPILER_GLOBAL_ACCENT_COLOR_NAME = AccentColor;
				CODE_SIGN_ENTITLEMENTS = milly/milly.entitlements;
				CODE_SIGN_STYLE = Automatic;
				CURRENT_PROJECT_VERSION = 1;
				DEVELOPMENT_ASSET_PATHS = "\"milly/Preview Content\"";
				ENABLE_PREVIEWS = YES;
				GENERATE_INFOPLIST_FILE = YES;
				"INFOPLIST_KEY_UIApplicationSceneManifest_Generation[sdk=iphoneos*]" = YES;
				"INFOPLIST_KEY_UIApplicationSceneManifest_Generation[sdk=iphonesimulator*]" = YES;
				"INFOPLIST_KEY_UIApplicationSupportsIndirectInputEvents[sdk=iphoneos*]" = YES;
				"INFOPLIST_KEY_UIApplicationSupportsIndirectInputEvents[sdk=iphonesimulator*]" = YES;
				"INFOPLIST_KEY_UILaunchScreen_Generation[sdk=iphoneos*]" = YES;
				"INFOPLIST_KEY_UILaunchScreen_Generation[sdk=iphonesimulator*]" = YES;
				"INFOPLIST_KEY_UIStatusBarStyle[sdk=iphoneos*]" = UIStatusBarStyleDefault;
				"INFOPLIST_KEY_UIStatusBarStyle[sdk=iphonesimulator*]" = UIStatusBarStyleDefault;
				INFOPLIST_KEY_UISupportedInterfaceOrientations_iPad = "UIInterfaceOrientationPortrait UIInterfaceOrientationPortraitUpsideDown UIInterfaceOrientationLandscapeLeft UIInterfaceOrientationLandscapeRight";
				INFOPLIST_KEY_UISupportedInterfaceOrientations_iPhone = "UIInterfaceOrientationPortrait UIInterfaceOrientationLandscapeLeft UIInterfaceOrientationLandscapeRight";
				IPHONEOS_DEPLOYMENT_TARGET = 16.2;
				LD_RUNPATH_SEARCH_PATHS = "@executable_path/Frameworks";
				"LD_RUNPATH_SEARCH_PATHS[sdk=macosx*]" = "@executable_path/../Frameworks";
				MACOSX_DEPLOYMENT_TARGET = 13.1;
				MARKETING_VERSION = 1.0;
				PRODUCT_BUNDLE_IDENTIFIER = jeffholland.milly;
				PRODUCT_NAME = "$(TARGET_NAME)";
				SDKROOT = auto;
				SUPPORTED_PLATFORMS = "iphoneos iphonesimulator macosx";
				SWIFT_EMIT_LOC_STRINGS = YES;
				SWIFT_VERSION = 5.0;
				TARGETED_DEVICE_FAMILY = "1,2";
			};
			name = Release;
		};
		BF5E41CD29D09BCE00C0D2F0 /* Debug */ = {
			isa = XCBuildConfiguration;
			buildSettings = {
				ALWAYS_EMBED_SWIFT_STANDARD_LIBRARIES = YES;
				BUNDLE_LOADER = "$(TEST_HOST)";
				CODE_SIGN_STYLE = Automatic;
				CURRENT_PROJECT_VERSION = 1;
				GENERATE_INFOPLIST_FILE = YES;
				IPHONEOS_DEPLOYMENT_TARGET = 16.2;
				MACOSX_DEPLOYMENT_TARGET = 13.1;
				MARKETING_VERSION = 1.0;
				PRODUCT_BUNDLE_IDENTIFIER = jeffholland.millyTests;
				PRODUCT_NAME = "$(TARGET_NAME)";
				SDKROOT = auto;
				SUPPORTED_PLATFORMS = "iphoneos iphonesimulator macosx";
				SWIFT_EMIT_LOC_STRINGS = NO;
				SWIFT_VERSION = 5.0;
				TARGETED_DEVICE_FAMILY = "1,2";
				TEST_HOST = "$(BUILT_PRODUCTS_DIR)/milly.app/$(BUNDLE_EXECUTABLE_FOLDER_PATH)/milly";
			};
			name = Debug;
		};
		BF5E41CE29D09BCE00C0D2F0 /* Release */ = {
			isa = XCBuildConfiguration;
			buildSettings = {
				ALWAYS_EMBED_SWIFT_STANDARD_LIBRARIES = YES;
				BUNDLE_LOADER = "$(TEST_HOST)";
				CODE_SIGN_STYLE = Automatic;
				CURRENT_PROJECT_VERSION = 1;
				GENERATE_INFOPLIST_FILE = YES;
				IPHONEOS_DEPLOYMENT_TARGET = 16.2;
				MACOSX_DEPLOYMENT_TARGET = 13.1;
				MARKETING_VERSION = 1.0;
				PRODUCT_BUNDLE_IDENTIFIER = jeffholland.millyTests;
				PRODUCT_NAME = "$(TARGET_NAME)";
				SDKROOT = auto;
				SUPPORTED_PLATFORMS = "iphoneos iphonesimulator macosx";
				SWIFT_EMIT_LOC_STRINGS = NO;
				SWIFT_VERSION = 5.0;
				TARGETED_DEVICE_FAMILY = "1,2";
				TEST_HOST = "$(BUILT_PRODUCTS_DIR)/milly.app/$(BUNDLE_EXECUTABLE_FOLDER_PATH)/milly";
			};
			name = Release;
		};
		BF5E41D029D09BCE00C0D2F0 /* Debug */ = {
			isa = XCBuildConfiguration;
			buildSettings = {
				ALWAYS_EMBED_SWIFT_STANDARD_LIBRARIES = YES;
				CODE_SIGN_STYLE = Automatic;
				CURRENT_PROJECT_VERSION = 1;
				GENERATE_INFOPLIST_FILE = YES;
				IPHONEOS_DEPLOYMENT_TARGET = 16.2;
				MACOSX_DEPLOYMENT_TARGET = 13.1;
				MARKETING_VERSION = 1.0;
				PRODUCT_BUNDLE_IDENTIFIER = jeffholland.millyUITests;
				PRODUCT_NAME = "$(TARGET_NAME)";
				SDKROOT = auto;
				SUPPORTED_PLATFORMS = "iphoneos iphonesimulator macosx";
				SWIFT_EMIT_LOC_STRINGS = NO;
				SWIFT_VERSION = 5.0;
				TARGETED_DEVICE_FAMILY = "1,2";
				TEST_TARGET_NAME = milly;
			};
			name = Debug;
		};
		BF5E41D129D09BCE00C0D2F0 /* Release */ = {
			isa = XCBuildConfiguration;
			buildSettings = {
				ALWAYS_EMBED_SWIFT_STANDARD_LIBRARIES = YES;
				CODE_SIGN_STYLE = Automatic;
				CURRENT_PROJECT_VERSION = 1;
				GENERATE_INFOPLIST_FILE = YES;
				IPHONEOS_DEPLOYMENT_TARGET = 16.2;
				MACOSX_DEPLOYMENT_TARGET = 13.1;
				MARKETING_VERSION = 1.0;
				PRODUCT_BUNDLE_IDENTIFIER = jeffholland.millyUITests;
				PRODUCT_NAME = "$(TARGET_NAME)";
				SDKROOT = auto;
				SUPPORTED_PLATFORMS = "iphoneos iphonesimulator macosx";
				SWIFT_EMIT_LOC_STRINGS = NO;
				SWIFT_VERSION = 5.0;
				TARGETED_DEVICE_FAMILY = "1,2";
				TEST_TARGET_NAME = milly;
			};
			name = Release;
		};
/* End XCBuildConfiguration section */

/* Begin XCConfigurationList section */
		BF5E419F29D09BCD00C0D2F0 /* Build configuration list for PBXProject "milly" */ = {
			isa = XCConfigurationList;
			buildConfigurations = (
				BF5E41C729D09BCE00C0D2F0 /* Debug */,
				BF5E41C829D09BCE00C0D2F0 /* Release */,
			);
			defaultConfigurationIsVisible = 0;
			defaultConfigurationName = Release;
		};
		BF5E41C929D09BCE00C0D2F0 /* Build configuration list for PBXNativeTarget "milly" */ = {
			isa = XCConfigurationList;
			buildConfigurations = (
				BF5E41CA29D09BCE00C0D2F0 /* Debug */,
				BF5E41CB29D09BCE00C0D2F0 /* Release */,
			);
			defaultConfigurationIsVisible = 0;
			defaultConfigurationName = Release;
		};
		BF5E41CC29D09BCE00C0D2F0 /* Build configuration list for PBXNativeTarget "millyTests" */ = {
			isa = XCConfigurationList;
			buildConfigurations = (
				BF5E41CD29D09BCE00C0D2F0 /* Debug */,
				BF5E41CE29D09BCE00C0D2F0 /* Release */,
			);
			defaultConfigurationIsVisible = 0;
			defaultConfigurationName = Release;
		};
		BF5E41CF29D09BCE00C0D2F0 /* Build configuration list for PBXNativeTarget "millyUITests" */ = {
			isa = XCConfigurationList;
			buildConfigurations = (
				BF5E41D029D09BCE00C0D2F0 /* Debug */,
				BF5E41D129D09BCE00C0D2F0 /* Release */,
			);
			defaultConfigurationIsVisible = 0;
			defaultConfigurationName = Release;
		};
/* End XCConfigurationList section */
	};
	rootObject = BF5E419C29D09BCD00C0D2F0 /* Project object */;
}
